{
  "originHash" : "65bab519bea3b01c6f3ccf50774f2d63905d4b85ba1367a1ed0b6ffef52a5237",
  "pins" : [
    {
      "identity" : "hope",
      "kind" : "remoteSourceControl",
      "location" : "https://github.com/screensailor/Hope",
      "state" : {
        "branch" : "trunk",
        "revision" : "b76209cf412ba8a78941a298ff0c5d2a58cc4e6a"
      }
    },
    {
      "identity" : "lexicon",
      "kind" : "remoteSourceControl",
      "location" : "https://github.com/ollieatkinson/Lexicon.git",
      "state" : {
        "branch" : "trunk",
        "revision" : "b748dc2252fc1771f05a27347904f81bf6c0f8f2"
      }
    },
    {
      "identity" : "swift-algorithms",
      "kind" : "remoteSourceControl",
      "location" : "https://github.com/apple/swift-algorithms",
      "state" : {
        "revision" : "87e50f483c54e6efd60e885f7f5aa946cee68023",
        "version" : "1.2.1"
      }
    },
    {
      "identity" : "swift-argument-parser",
      "kind" : "remoteSourceControl",
      "location" : "https://github.com/apple/swift-argument-parser",
      "state" : {
        "revision" : "6a52f3251125d74daf04fcbd5e6f08a75d074382",
        "version" : "1.8.2"
      }
    },
    {
      "identity" : "swift-async-algorithms",
      "kind" : "remoteSourceControl",
      "location" : "https://github.com/apple/swift-async-algorithms",
      "state" : {
        "revision" : "d0b4a06d0f173a2f3be27d3ea21b3c3aa18db440",
        "version" : "1.1.4"
      }
    },
    {
      "identity" : "swift-collections",
      "kind" : "remoteSourceControl",
      "location" : "https://github.com/apple/swift-collections",
      "state" : {
        "revision" : "a0cb0954ecb21e4e31b0070e6ed5674e8556685a",
        "version" : "1.6.0"
      }
    },
    {
      "identity" : "swift-numerics",
      "kind" : "remoteSourceControl",
      "location" : "https://github.com/apple/swift-numerics.git",
      "state" : {
        "revision" : "0c0290ff6b24942dadb83a929ffaaa1481df04a2",
        "version" : "1.1.1"
      }
    }
  ],
  "version" : 3
}
